
Microsoft Visual Studio Solution File, Format Version 12.00
# Visual Studio Version 16
VisualStudioVersion = 16.0.31702.278
MinimumVisualStudioVersion = 10.0.40219.1
Project("{FAE04EC0-301F-11D3-BF4B-00C04F79EFBC}") = "Projet2Jeux", "Projet2Jeux\Projet2Jeux.csproj", "{68B229AD-2359-48AD-B741-A7C1CBB8A11C}"
EndProject
Global
	GlobalSection(SolutionConfigurationPlatforms) = preSolution
		Debug|Any CPU = Debug|Any CPU
		Release|Any CPU = Release|Any CPU
	EndGlobalSection
	GlobalSection(ProjectConfigurationPlatforms) = postSolution
		{68B229AD-2359-48AD-B741-A7C1CBB8A11C}.Debug|Any CPU.ActiveCfg = Debug|Any CPU
		{68B229AD-2359-48AD-B741-A7C1CBB8A11C}.Debug|Any CPU.Build.0 = Debug|Any CPU
		{68B229AD-2359-48AD-B741-A7C1CBB8A11C}.Release|Any CPU.ActiveCfg = Release|Any CPU
		{68B229AD-2359-48AD-B741-A7C1CBB8A11C}.Release|Any CPU.Build.0 = Release|Any CPU
	EndGlobalSection
	GlobalSection(SolutionProperties) = preSolution
		HideSolutionNode = FALSE
	EndGlobalSection
	GlobalSection(ExtensibilityGlobals) = postSolution
		SolutionGuid = {0281D678-5E6F-47E1-B1A4-2E87BC85C6DD}
	EndGlobalSection
EndGlobal
